memo = "67ea64d771d6d5cad8b5b4c8ecc3d560405db928f361866d720c3c2dcb5e3490"

[[projects]]
  name = "github.com/codegangsta/cli"
  packages = ["."]
  revision = "0bdeddeeb0f650497d603c4ad7b20cfe685682f6"
  version = "v1.19.1"

[[projects]]
  branch = "master"
  name = "github.com/cryptojuice/grb"
  packages = ["repositories"]
  revision = "90903b9f23b3207745469bd8e18f4257b0aeb94c"
